
Microsoft Visual Studio Solution File, Format Version 11.00
# Visual Studio 2010
Project("{FAE04EC0-301F-11D3-BF4B-00C04F79EFBC}") = "UtilsGenerate", "UtilsGenerate\UtilsGenerate.csproj", "{1AA0875E-C256-47B3-9C84-C3A18AC4B682}"
EndProject
Project("{FAE04EC0-301F-11D3-BF4B-00C04F79EFBC}") = "GenerateClickOnceBV", "GenerateClickOnceBV\GenerateClickOnceBV.csproj", "{0BC82CD7-CEBA-4F4B-BFE0-282D59398B81}"
EndProject
Project("{FAE04EC0-301F-11D3-BF4B-00C04F79EFBC}") = "GenerateClickOnceBVCmd", "GenerateClickOnceBVCmd\GenerateClickOnceBVCmd.csproj", "{801ADDAE-7A0B-4067-AB43-D3BBDE21E3DE}"
EndProject
Project("{FAE04EC0-301F-11D3-BF4B-00C04F79EFBC}") = "InterfacePlugin", "InterfacePlugin\InterfacePlugin.csproj", "{59F2B277-95C7-4E20-A4A2-6079131A7B31}"
EndProject
Project("{2150E333-8FDC-42A3-9474-1A3956D46DE8}") = "Test", "Test", "{AC8712F7-BF91-4FE1-A4C2-E8617AF43D37}"
EndProject
Project("{2150E333-8FDC-42A3-9474-1A3956D46DE8}") = "Project", "Project", "{B3FDCDFF-2573-4CAC-8FB7-853DDE232881}"
EndProject
Project("{2150E333-8FDC-42A3-9474-1A3956D46DE8}") = "ClickOnce", "ClickOnce", "{D1C6FC47-04B2-457B-AC83-AC25ACA4A70D}"
EndProject
Project("{FAE04EC0-301F-11D3-BF4B-00C04F79EFBC}") = "ClassLibrary1", "ClassLibrary1\ClassLibrary1.csproj", "{2D7BDD83-EA43-4538-A0F2-B969ED72D8B3}"
EndProject
Project("{FAE04EC0-301F-11D3-BF4B-00C04F79EFBC}") = "ClassLibary1.Installer", "ClassLibary1.Installer\ClassLibary1.Installer.csproj", "{52FD1F04-14B9-4F03-A4AC-BF16592B973E}"
EndProject
Global
	GlobalSection(SolutionConfigurationPlatforms) = preSolution
		Debug|Any CPU = Debug|Any CPU
		Debug|Mixed Platforms = Debug|Mixed Platforms
		Debug|x86 = Debug|x86
		Release|Any CPU = Release|Any CPU
		Release|Mixed Platforms = Release|Mixed Platforms
		Release|x86 = Release|x86
	EndGlobalSection
	GlobalSection(ProjectConfigurationPlatforms) = postSolution
		{1AA0875E-C256-47B3-9C84-C3A18AC4B682}.Debug|Any CPU.ActiveCfg = Debug|Any CPU
		{1AA0875E-C256-47B3-9C84-C3A18AC4B682}.Debug|Any CPU.Build.0 = Debug|Any CPU
		{1AA0875E-C256-47B3-9C84-C3A18AC4B682}.Debug|Mixed Platforms.ActiveCfg = Debug|Any CPU
		{1AA0875E-C256-47B3-9C84-C3A18AC4B682}.Debug|Mixed Platforms.Build.0 = Debug|Any CPU
		{1AA0875E-C256-47B3-9C84-C3A18AC4B682}.Debug|x86.ActiveCfg = Debug|Any CPU
		{1AA0875E-C256-47B3-9C84-C3A18AC4B682}.Release|Any CPU.ActiveCfg = Release|Any CPU
		{1AA0875E-C256-47B3-9C84-C3A18AC4B682}.Release|Any CPU.Build.0 = Release|Any CPU
		{1AA0875E-C256-47B3-9C84-C3A18AC4B682}.Release|Mixed Platforms.ActiveCfg = Release|Any CPU
		{1AA0875E-C256-47B3-9C84-C3A18AC4B682}.Release|Mixed Platforms.Build.0 = Release|Any CPU
		{1AA0875E-C256-47B3-9C84-C3A18AC4B682}.Release|x86.ActiveCfg = Release|Any CPU
		{0BC82CD7-CEBA-4F4B-BFE0-282D59398B81}.Debug|Any CPU.ActiveCfg = Debug|x86
		{0BC82CD7-CEBA-4F4B-BFE0-282D59398B81}.Debug|Mixed Platforms.ActiveCfg = Debug|x86
		{0BC82CD7-CEBA-4F4B-BFE0-282D59398B81}.Debug|Mixed Platforms.Build.0 = Debug|x86
		{0BC82CD7-CEBA-4F4B-BFE0-282D59398B81}.Debug|x86.ActiveCfg = Debug|x86
		{0BC82CD7-CEBA-4F4B-BFE0-282D59398B81}.Debug|x86.Build.0 = Debug|x86
		{0BC82CD7-CEBA-4F4B-BFE0-282D59398B81}.Release|Any CPU.ActiveCfg = Release|x86
		{0BC82CD7-CEBA-4F4B-BFE0-282D59398B81}.Release|Mixed Platforms.ActiveCfg = Release|x86
		{0BC82CD7-CEBA-4F4B-BFE0-282D59398B81}.Release|Mixed Platforms.Build.0 = Release|x86
		{0BC82CD7-CEBA-4F4B-BFE0-282D59398B81}.Release|x86.ActiveCfg = Release|x86
		{0BC82CD7-CEBA-4F4B-BFE0-282D59398B81}.Release|x86.Build.0 = Release|x86
		{801ADDAE-7A0B-4067-AB43-D3BBDE21E3DE}.Debug|Any CPU.ActiveCfg = Debug|x86
		{801ADDAE-7A0B-4067-AB43-D3BBDE21E3DE}.Debug|Mixed Platforms.ActiveCfg = Debug|x86
		{801ADDAE-7A0B-4067-AB43-D3BBDE21E3DE}.Debug|Mixed Platforms.Build.0 = Debug|x86
		{801ADDAE-7A0B-4067-AB43-D3BBDE21E3DE}.Debug|x86.ActiveCfg = Debug|x86
		{801ADDAE-7A0B-4067-AB43-D3BBDE21E3DE}.Debug|x86.Build.0 = Debug|x86
		{801ADDAE-7A0B-4067-AB43-D3BBDE21E3DE}.Release|Any CPU.ActiveCfg = Release|x86
		{801ADDAE-7A0B-4067-AB43-D3BBDE21E3DE}.Release|Mixed Platforms.ActiveCfg = Release|x86
		{801ADDAE-7A0B-4067-AB43-D3BBDE21E3DE}.Release|Mixed Platforms.Build.0 = Release|x86
		{801ADDAE-7A0B-4067-AB43-D3BBDE21E3DE}.Release|x86.ActiveCfg = Release|x86
		{801ADDAE-7A0B-4067-AB43-D3BBDE21E3DE}.Release|x86.Build.0 = Release|x86
		{59F2B277-95C7-4E20-A4A2-6079131A7B31}.Debug|Any CPU.ActiveCfg = Debug|Any CPU
		{59F2B277-95C7-4E20-A4A2-6079131A7B31}.Debug|Any CPU.Build.0 = Debug|Any CPU
		{59F2B277-95C7-4E20-A4A2-6079131A7B31}.Debug|Mixed Platforms.ActiveCfg = Debug|Any CPU
		{59F2B277-95C7-4E20-A4A2-6079131A7B31}.Debug|Mixed Platforms.Build.0 = Debug|Any CPU
		{59F2B277-95C7-4E20-A4A2-6079131A7B31}.Debug|x86.ActiveCfg = Debug|Any CPU
		{59F2B277-95C7-4E20-A4A2-6079131A7B31}.Release|Any CPU.ActiveCfg = Release|Any CPU
		{59F2B277-95C7-4E20-A4A2-6079131A7B31}.Release|Any CPU.Build.0 = Release|Any CPU
		{59F2B277-95C7-4E20-A4A2-6079131A7B31}.Release|Mixed Platforms.ActiveCfg = Release|Any CPU
		{59F2B277-95C7-4E20-A4A2-6079131A7B31}.Release|Mixed Platforms.Build.0 = Release|Any CPU
		{59F2B277-95C7-4E20-A4A2-6079131A7B31}.Release|x86.ActiveCfg = Release|Any CPU
		{2D7BDD83-EA43-4538-A0F2-B969ED72D8B3}.Debug|Any CPU.ActiveCfg = Debug|Any CPU
		{2D7BDD83-EA43-4538-A0F2-B969ED72D8B3}.Debug|Any CPU.Build.0 = Debug|Any CPU
		{2D7BDD83-EA43-4538-A0F2-B969ED72D8B3}.Debug|Mixed Platforms.ActiveCfg = Debug|Any CPU
		{2D7BDD83-EA43-4538-A0F2-B969ED72D8B3}.Debug|Mixed Platforms.Build.0 = Debug|Any CPU
		{2D7BDD83-EA43-4538-A0F2-B969ED72D8B3}.Debug|x86.ActiveCfg = Debug|Any CPU
		{2D7BDD83-EA43-4538-A0F2-B969ED72D8B3}.Release|Any CPU.ActiveCfg = Release|Any CPU
		{2D7BDD83-EA43-4538-A0F2-B969ED72D8B3}.Release|Any CPU.Build.0 = Release|Any CPU
		{2D7BDD83-EA43-4538-A0F2-B969ED72D8B3}.Release|Mixed Platforms.ActiveCfg = Release|Any CPU
		{2D7BDD83-EA43-4538-A0F2-B969ED72D8B3}.Release|Mixed Platforms.Build.0 = Release|Any CPU
		{2D7BDD83-EA43-4538-A0F2-B969ED72D8B3}.Release|x86.ActiveCfg = Release|Any CPU
		{52FD1F04-14B9-4F03-A4AC-BF16592B973E}.Debug|Any CPU.ActiveCfg = Debug|x86
		{52FD1F04-14B9-4F03-A4AC-BF16592B973E}.Debug|Mixed Platforms.ActiveCfg = Debug|x86
		{52FD1F04-14B9-4F03-A4AC-BF16592B973E}.Debug|Mixed Platforms.Build.0 = Debug|x86
		{52FD1F04-14B9-4F03-A4AC-BF16592B973E}.Debug|x86.ActiveCfg = Debug|x86
		{52FD1F04-14B9-4F03-A4AC-BF16592B973E}.Debug|x86.Build.0 = Debug|x86
		{52FD1F04-14B9-4F03-A4AC-BF16592B973E}.Release|Any CPU.ActiveCfg = Release|x86
		{52FD1F04-14B9-4F03-A4AC-BF16592B973E}.Release|Mixed Platforms.ActiveCfg = Release|x86
		{52FD1F04-14B9-4F03-A4AC-BF16592B973E}.Release|Mixed Platforms.Build.0 = Release|x86
		{52FD1F04-14B9-4F03-A4AC-BF16592B973E}.Release|x86.ActiveCfg = Release|x86
		{52FD1F04-14B9-4F03-A4AC-BF16592B973E}.Release|x86.Build.0 = Release|x86
	EndGlobalSection
	GlobalSection(SolutionProperties) = preSolution
		HideSolutionNode = FALSE
	EndGlobalSection
	GlobalSection(NestedProjects) = preSolution
		{B3FDCDFF-2573-4CAC-8FB7-853DDE232881} = {AC8712F7-BF91-4FE1-A4C2-E8617AF43D37}
		{D1C6FC47-04B2-457B-AC83-AC25ACA4A70D} = {AC8712F7-BF91-4FE1-A4C2-E8617AF43D37}
		{2D7BDD83-EA43-4538-A0F2-B969ED72D8B3} = {B3FDCDFF-2573-4CAC-8FB7-853DDE232881}
		{52FD1F04-14B9-4F03-A4AC-BF16592B973E} = {D1C6FC47-04B2-457B-AC83-AC25ACA4A70D}
	EndGlobalSection
EndGlobal
