
Microsoft Visual Studio Solution File, Format Version 11.00
# Visual Studio 2010
Project("{FAE04EC0-301F-11D3-BF4B-00C04F79EFBC}") = "ClassLibrary1", "ClassLibrary1\ClassLibrary1.csproj", "{62516279-92FD-4BCF-AA6A-538CF0797ADA}"
EndProject
Project("{FAE04EC0-301F-11D3-BF4B-00C04F79EFBC}") = "ClassLibrary2", "ClassLibrary2\ClassLibrary2.csproj", "{00ED9508-22CA-441B-ADD7-1FEA24FC0EF4}"
EndProject
Global
	GlobalSection(SolutionConfigurationPlatforms) = preSolution
		Debug|Any CPU = Debug|Any CPU
		Debug|Mixed Platforms = Debug|Mixed Platforms
		Debug|x86 = Debug|x86
		Release|Any CPU = Release|Any CPU
		Release|Mixed Platforms = Release|Mixed Platforms
		Release|x86 = Release|x86
	EndGlobalSection
	GlobalSection(ProjectConfigurationPlatforms) = postSolution
		{62516279-92FD-4BCF-AA6A-538CF0797ADA}.Debug|Any CPU.ActiveCfg = Debug|Any CPU
		{62516279-92FD-4BCF-AA6A-538CF0797ADA}.Debug|Any CPU.Build.0 = Debug|Any CPU
		{62516279-92FD-4BCF-AA6A-538CF0797ADA}.Debug|Mixed Platforms.ActiveCfg = Debug|Any CPU
		{62516279-92FD-4BCF-AA6A-538CF0797ADA}.Debug|Mixed Platforms.Build.0 = Debug|Any CPU
		{62516279-92FD-4BCF-AA6A-538CF0797ADA}.Debug|x86.ActiveCfg = Debug|Any CPU
		{62516279-92FD-4BCF-AA6A-538CF0797ADA}.Release|Any CPU.ActiveCfg = Release|Any CPU
		{62516279-92FD-4BCF-AA6A-538CF0797ADA}.Release|Any CPU.Build.0 = Release|Any CPU
		{62516279-92FD-4BCF-AA6A-538CF0797ADA}.Release|Mixed Platforms.ActiveCfg = Release|Any CPU
		{62516279-92FD-4BCF-AA6A-538CF0797ADA}.Release|Mixed Platforms.Build.0 = Release|Any CPU
		{62516279-92FD-4BCF-AA6A-538CF0797ADA}.Release|x86.ActiveCfg = Release|Any CPU
		{00ED9508-22CA-441B-ADD7-1FEA24FC0EF4}.Debug|Any CPU.ActiveCfg = Debug|Any CPU
		{00ED9508-22CA-441B-ADD7-1FEA24FC0EF4}.Debug|Any CPU.Build.0 = Debug|Any CPU
		{00ED9508-22CA-441B-ADD7-1FEA24FC0EF4}.Debug|Mixed Platforms.ActiveCfg = Debug|Any CPU
		{00ED9508-22CA-441B-ADD7-1FEA24FC0EF4}.Debug|Mixed Platforms.Build.0 = Debug|Any CPU
		{00ED9508-22CA-441B-ADD7-1FEA24FC0EF4}.Debug|x86.ActiveCfg = Debug|Any CPU
		{00ED9508-22CA-441B-ADD7-1FEA24FC0EF4}.Release|Any CPU.ActiveCfg = Release|Any CPU
		{00ED9508-22CA-441B-ADD7-1FEA24FC0EF4}.Release|Any CPU.Build.0 = Release|Any CPU
		{00ED9508-22CA-441B-ADD7-1FEA24FC0EF4}.Release|Mixed Platforms.ActiveCfg = Release|Any CPU
		{00ED9508-22CA-441B-ADD7-1FEA24FC0EF4}.Release|Mixed Platforms.Build.0 = Release|Any CPU
		{00ED9508-22CA-441B-ADD7-1FEA24FC0EF4}.Release|x86.ActiveCfg = Release|Any CPU
	EndGlobalSection
	GlobalSection(SolutionProperties) = preSolution
		HideSolutionNode = FALSE
	EndGlobalSection
EndGlobal
